
Microsoft Visual Studio Solution File, Format Version 12.00
# Visual Studio Version 17
VisualStudioVersion = 17.6.33829.357
MinimumVisualStudioVersion = 10.0.40219.1
Project("{FAE04EC0-301F-11D3-BF4B-00C04F79EFBC}") = "CheckoutOrders", "CheckoutOrders\CheckoutOrders.csproj", "{90F91C6A-6625-45E5-A2AE-DB3D14B19F71}"
EndProject
Global
	GlobalSection(SolutionConfigurationPlatforms) = preSolution
		Debug|Any CPU = Debug|Any CPU
		Release|Any CPU = Release|Any CPU
	EndGlobalSection
	GlobalSection(ProjectConfigurationPlatforms) = postSolution
		{90F91C6A-6625-45E5-A2AE-DB3D14B19F71}.Debug|Any CPU.ActiveCfg = Debug|Any CPU
		{90F91C6A-6625-45E5-A2AE-DB3D14B19F71}.Debug|Any CPU.Build.0 = Debug|Any CPU
		{90F91C6A-6625-45E5-A2AE-DB3D14B19F71}.Release|Any CPU.ActiveCfg = Release|Any CPU
		{90F91C6A-6625-45E5-A2AE-DB3D14B19F71}.Release|Any CPU.Build.0 = Release|Any CPU
	EndGlobalSection
	GlobalSection(SolutionProperties) = preSolution
		HideSolutionNode = FALSE
	EndGlobalSection
	GlobalSection(ExtensibilityGlobals) = postSolution
		SolutionGuid = {14C8D0AC-D648-4691-9117-A9ADFB903825}
	EndGlobalSection
EndGlobal
