
Microsoft Visual Studio Solution File, Format Version 12.00
# Visual Studio Version 17
VisualStudioVersion = 17.6.33829.357
MinimumVisualStudioVersion = 10.0.40219.1
Project("{FAE04EC0-301F-11D3-BF4B-00C04F79EFBC}") = "StockChecker", "StockChecker\StockChecker.csproj", "{9A04738A-BB36-41EC-B3C8-F4403B635DC0}"
EndProject
Global
	GlobalSection(SolutionConfigurationPlatforms) = preSolution
		Debug|Any CPU = Debug|Any CPU
		Release|Any CPU = Release|Any CPU
	EndGlobalSection
	GlobalSection(ProjectConfigurationPlatforms) = postSolution
		{9A04738A-BB36-41EC-B3C8-F4403B635DC0}.Debug|Any CPU.ActiveCfg = Debug|Any CPU
		{9A04738A-BB36-41EC-B3C8-F4403B635DC0}.Debug|Any CPU.Build.0 = Debug|Any CPU
		{9A04738A-BB36-41EC-B3C8-F4403B635DC0}.Release|Any CPU.ActiveCfg = Release|Any CPU
		{9A04738A-BB36-41EC-B3C8-F4403B635DC0}.Release|Any CPU.Build.0 = Release|Any CPU
	EndGlobalSection
	GlobalSection(SolutionProperties) = preSolution
		HideSolutionNode = FALSE
	EndGlobalSection
	GlobalSection(ExtensibilityGlobals) = postSolution
		SolutionGuid = {173DED93-4986-40E4-9475-A96E8D3A3257}
	EndGlobalSection
EndGlobal
